
Microsoft Visual Studio Solution File, Format Version 12.00
# Visual Studio 15
VisualStudioVersion = 15.0.27428.2027
MinimumVisualStudioVersion = 10.0.40219.1
Project("{FAE04EC0-301F-11D3-BF4B-00C04F79EFBC}") = "HomeShoppe", "HomeShoppe\HomeShoppe.csproj", "{6BFA3322-F10F-4F9E-9805-459ED086E944}"
EndProject
Project("{FAE04EC0-301F-11D3-BF4B-00C04F79EFBC}") = "Model", "Model\Model.csproj", "{322B1FEE-5180-4A2E-948D-96E955EDF501}"
EndProject
Global
	GlobalSection(SolutionConfigurationPlatforms) = preSolution
		Debug|Any CPU = Debug|Any CPU
		Release|Any CPU = Release|Any CPU
	EndGlobalSection
	GlobalSection(ProjectConfigurationPlatforms) = postSolution
		{6BFA3322-F10F-4F9E-9805-459ED086E944}.Debug|Any CPU.ActiveCfg = Debug|Any CPU
		{6BFA3322-F10F-4F9E-9805-459ED086E944}.Debug|Any CPU.Build.0 = Debug|Any CPU
		{6BFA3322-F10F-4F9E-9805-459ED086E944}.Release|Any CPU.ActiveCfg = Release|Any CPU
		{6BFA3322-F10F-4F9E-9805-459ED086E944}.Release|Any CPU.Build.0 = Release|Any CPU
		{322B1FEE-5180-4A2E-948D-96E955EDF501}.Debug|Any CPU.ActiveCfg = Debug|Any CPU
		{322B1FEE-5180-4A2E-948D-96E955EDF501}.Debug|Any CPU.Build.0 = Debug|Any CPU
		{322B1FEE-5180-4A2E-948D-96E955EDF501}.Release|Any CPU.ActiveCfg = Release|Any CPU
		{322B1FEE-5180-4A2E-948D-96E955EDF501}.Release|Any CPU.Build.0 = Release|Any CPU
	EndGlobalSection
	GlobalSection(SolutionProperties) = preSolution
		HideSolutionNode = FALSE
	EndGlobalSection
	GlobalSection(ExtensibilityGlobals) = postSolution
		SolutionGuid = {7DB87969-754B-46BD-8232-95A90F3C2EE3}
	EndGlobalSection
EndGlobal
